
Microsoft Visual Studio Solution File, Format Version 12.00
# 
Project("{FAE04EC0-301F-11D3-BF4B-00C04F79EFBC}") = "Forum.WebApi", "backend\Forum.WebApi\Forum.WebApi.csproj", "{ED1A744F-CDDF-482B-B74C-E1770534198C}"
EndProject
Project("{FAE04EC0-301F-11D3-BF4B-00C04F79EFBC}") = "Forum.Common", "backend\Forum.Common\Forum.Common.csproj", "{F4C4F75D-8244-4506-8CCA-3742B4F23AE0}"
EndProject
Project("{2150E333-8FDC-42A3-9474-1A3956D46DE8}") = "backend", "backend", "{19C9512A-BBB5-4488-B53D-0740CEC94FC8}"
EndProject
Project("{2150E333-8FDC-42A3-9474-1A3956D46DE8}") = "tests", "tests", "{4D482EBD-9068-46C8-897C-D438F9994CC2}"
EndProject
Project("{FAE04EC0-301F-11D3-BF4B-00C04F79EFBC}") = "Forum.Infrastructure", "backend\Forum.Infrastructure\Forum.Infrastructure.csproj", "{1431B2C9-D9C5-43C2-B723-634BB64ADB4B}"
EndProject
Project("{FAE04EC0-301F-11D3-BF4B-00C04F79EFBC}") = "Forum.Domain", "backend\Forum.Domain\Forum.Domain.csproj", "{2E099293-E7CA-4ABF-92D9-A6BB1271ED66}"
EndProject
Project("{FAE04EC0-301F-11D3-BF4B-00C04F79EFBC}") = "Forum.Application", "backend\Forum.Application\Forum.Application.csproj", "{8CFEAE32-504D-4D5F-96D3-EBBF1E661E54}"
EndProject
Project("{FAE04EC0-301F-11D3-BF4B-00C04F79EFBC}") = "Forum.UnitTests", "tests\Forum.UnitTests\Forum.UnitTests.csproj", "{5818DDAD-B2E7-44B7-9C62-201C3E158FDE}"
EndProject
Project("{FAE04EC0-301F-11D3-BF4B-00C04F79EFBC}") = "Forum.IntegrationTests", "tests\Forum.IntegrationTests\Forum.IntegrationTests.csproj", "{772C56E1-5173-4908-BBEE-31A5C46BDCCC}"
EndProject
Global
	GlobalSection(SolutionConfigurationPlatforms) = preSolution
		Debug|Any CPU = Debug|Any CPU
		Release|Any CPU = Release|Any CPU
	EndGlobalSection
	GlobalSection(ProjectConfigurationPlatforms) = postSolution
		{ED1A744F-CDDF-482B-B74C-E1770534198C}.Debug|Any CPU.ActiveCfg = Debug|Any CPU
		{ED1A744F-CDDF-482B-B74C-E1770534198C}.Debug|Any CPU.Build.0 = Debug|Any CPU
		{ED1A744F-CDDF-482B-B74C-E1770534198C}.Release|Any CPU.ActiveCfg = Release|Any CPU
		{ED1A744F-CDDF-482B-B74C-E1770534198C}.Release|Any CPU.Build.0 = Release|Any CPU
		{F4C4F75D-8244-4506-8CCA-3742B4F23AE0}.Debug|Any CPU.ActiveCfg = Debug|Any CPU
		{F4C4F75D-8244-4506-8CCA-3742B4F23AE0}.Debug|Any CPU.Build.0 = Debug|Any CPU
		{F4C4F75D-8244-4506-8CCA-3742B4F23AE0}.Release|Any CPU.ActiveCfg = Release|Any CPU
		{F4C4F75D-8244-4506-8CCA-3742B4F23AE0}.Release|Any CPU.Build.0 = Release|Any CPU
		{1431B2C9-D9C5-43C2-B723-634BB64ADB4B}.Debug|Any CPU.ActiveCfg = Debug|Any CPU
		{1431B2C9-D9C5-43C2-B723-634BB64ADB4B}.Debug|Any CPU.Build.0 = Debug|Any CPU
		{1431B2C9-D9C5-43C2-B723-634BB64ADB4B}.Release|Any CPU.ActiveCfg = Release|Any CPU
		{1431B2C9-D9C5-43C2-B723-634BB64ADB4B}.Release|Any CPU.Build.0 = Release|Any CPU
		{2E099293-E7CA-4ABF-92D9-A6BB1271ED66}.Debug|Any CPU.ActiveCfg = Debug|Any CPU
		{2E099293-E7CA-4ABF-92D9-A6BB1271ED66}.Debug|Any CPU.Build.0 = Debug|Any CPU
		{2E099293-E7CA-4ABF-92D9-A6BB1271ED66}.Release|Any CPU.ActiveCfg = Release|Any CPU
		{2E099293-E7CA-4ABF-92D9-A6BB1271ED66}.Release|Any CPU.Build.0 = Release|Any CPU
		{8CFEAE32-504D-4D5F-96D3-EBBF1E661E54}.Debug|Any CPU.ActiveCfg = Debug|Any CPU
		{8CFEAE32-504D-4D5F-96D3-EBBF1E661E54}.Debug|Any CPU.Build.0 = Debug|Any CPU
		{8CFEAE32-504D-4D5F-96D3-EBBF1E661E54}.Release|Any CPU.ActiveCfg = Release|Any CPU
		{8CFEAE32-504D-4D5F-96D3-EBBF1E661E54}.Release|Any CPU.Build.0 = Release|Any CPU
		{5818DDAD-B2E7-44B7-9C62-201C3E158FDE}.Debug|Any CPU.ActiveCfg = Debug|Any CPU
		{5818DDAD-B2E7-44B7-9C62-201C3E158FDE}.Debug|Any CPU.Build.0 = Debug|Any CPU
		{5818DDAD-B2E7-44B7-9C62-201C3E158FDE}.Release|Any CPU.ActiveCfg = Release|Any CPU
		{5818DDAD-B2E7-44B7-9C62-201C3E158FDE}.Release|Any CPU.Build.0 = Release|Any CPU
		{772C56E1-5173-4908-BBEE-31A5C46BDCCC}.Debug|Any CPU.ActiveCfg = Debug|Any CPU
		{772C56E1-5173-4908-BBEE-31A5C46BDCCC}.Debug|Any CPU.Build.0 = Debug|Any CPU
		{772C56E1-5173-4908-BBEE-31A5C46BDCCC}.Release|Any CPU.ActiveCfg = Release|Any CPU
		{772C56E1-5173-4908-BBEE-31A5C46BDCCC}.Release|Any CPU.Build.0 = Release|Any CPU
	EndGlobalSection
	GlobalSection(NestedProjects) = preSolution
		{ED1A744F-CDDF-482B-B74C-E1770534198C} = {19C9512A-BBB5-4488-B53D-0740CEC94FC8}
		{F4C4F75D-8244-4506-8CCA-3742B4F23AE0} = {19C9512A-BBB5-4488-B53D-0740CEC94FC8}
		{1431B2C9-D9C5-43C2-B723-634BB64ADB4B} = {19C9512A-BBB5-4488-B53D-0740CEC94FC8}
		{2E099293-E7CA-4ABF-92D9-A6BB1271ED66} = {19C9512A-BBB5-4488-B53D-0740CEC94FC8}
		{8CFEAE32-504D-4D5F-96D3-EBBF1E661E54} = {19C9512A-BBB5-4488-B53D-0740CEC94FC8}
		{5818DDAD-B2E7-44B7-9C62-201C3E158FDE} = {4D482EBD-9068-46C8-897C-D438F9994CC2}
		{772C56E1-5173-4908-BBEE-31A5C46BDCCC} = {4D482EBD-9068-46C8-897C-D438F9994CC2}
	EndGlobalSection
EndGlobal
